// !$*UTF8*$!
{
	archiveVersion = 1;
	classes = {
	};
	objectVersion = 46;
	objects = {

/* Begin PBXBuildFile section */
		69054B5019442E110014EC46 /* BattlesTableViewController.swift in Sources */ = {isa = PBXBuildFile; fileRef = 69054B4F19442E110014EC46 /* BattlesTableViewController.swift */; };
		69078E3D19467A4A00B4B361 /* ExplodingKit.h in Headers */ = {isa = PBXBuildFile; fileRef = 69078E3C19467A4A00B4B361 /* ExplodingKit.h */; settings = {ATTRIBUTES = (Public, ); }; };
		69078E4319467A4A00B4B361 /* ExplodingKit.framework in Frameworks */ = {isa = PBXBuildFile; fileRef = 69078E3819467A4A00B4B361 /* ExplodingKit.framework */; };
		69078E4A19467A4A00B4B361 /* ExplodingKitTests.swift in Sources */ = {isa = PBXBuildFile; fileRef = 69078E4919467A4A00B4B361 /* ExplodingKitTests.swift */; };
		69078E4D19467A4A00B4B361 /* ExplodingKit.framework in Frameworks */ = {isa = PBXBuildFile; fileRef = 69078E3819467A4A00B4B361 /* ExplodingKit.framework */; };
		69078E4E19467A4A00B4B361 /* ExplodingKit.framework in Embed Frameworks */ = {isa = PBXBuildFile; fileRef = 69078E3819467A4A00B4B361 /* ExplodingKit.framework */; settings = {ATTRIBUTES = (CodeSignOnCopy, ); }; };
		69078E6019467A6900B4B361 /* EquatableArray.swift in Sources */ = {isa = PBXBuildFile; fileRef = 69078E5D19467A6900B4B361 /* EquatableArray.swift */; };
		69078E6119467A6900B4B361 /* JayMulticastClosure.swift in Sources */ = {isa = PBXBuildFile; fileRef = 69078E5E19467A6900B4B361 /* JayMulticastClosure.swift */; };
		69078E6219467A6900B4B361 /* JessyMulticastClosure.swift in Sources */ = {isa = PBXBuildFile; fileRef = 69078E5F19467A6900B4B361 /* JessyMulticastClosure.swift */; };
		694FD86D1946953100DAAD50 /* HashSet.swift in Sources */ = {isa = PBXBuildFile; fileRef = 694FD86C1946953100DAAD50 /* HashSet.swift */; };
		6964681D1942A33A003986C1 /* AppDelegate.swift in Sources */ = {isa = PBXBuildFile; fileRef = 6964681C1942A33A003986C1 /* AppDelegate.swift */; };
		6964681F1942A33A003986C1 /* GameScene.sks in Resources */ = {isa = PBXBuildFile; fileRef = 6964681E1942A33A003986C1 /* GameScene.sks */; };
		696468211942A33A003986C1 /* GameScene.swift in Sources */ = {isa = PBXBuildFile; fileRef = 696468201942A33A003986C1 /* GameScene.swift */; };
		696468231942A33A003986C1 /* GameViewController.swift in Sources */ = {isa = PBXBuildFile; fileRef = 696468221942A33A003986C1 /* GameViewController.swift */; };
		696468261942A33A003986C1 /* Main.storyboard in Resources */ = {isa = PBXBuildFile; fileRef = 696468241942A33A003986C1 /* Main.storyboard */; };
		696468281942A33A003986C1 /* Images.xcassets in Resources */ = {isa = PBXBuildFile; fileRef = 696468271942A33A003986C1 /* Images.xcassets */; };
		696468341942A33A003986C1 /* MiniSas2Tests.swift in Sources */ = {isa = PBXBuildFile; fileRef = 696468331942A33A003986C1 /* MiniSas2Tests.swift */; };
		6984258A1942A56B00B0BB40 /* CloudKit.framework in Frameworks */ = {isa = PBXBuildFile; fileRef = 698425891942A56B00B0BB40 /* CloudKit.framework */; };
/* End PBXBuildFile section */

/* Begin PBXContainerItemProxy section */
		69078E4419467A4A00B4B361 /* PBXContainerItemProxy */ = {
			isa = PBXContainerItemProxy;
			containerPortal = 6964680F1942A33A003986C1 /* Project object */;
			proxyType = 1;
			remoteGlobalIDString = 69078E3719467A4A00B4B361;
			remoteInfo = ExplodingKit;
		};
		69078E4B19467A4A00B4B361 /* PBXContainerItemProxy */ = {
			isa = PBXContainerItemProxy;
			containerPortal = 6964680F1942A33A003986C1 /* Project object */;
			proxyType = 1;
			remoteGlobalIDString = 69078E3719467A4A00B4B361;
			remoteInfo = ExplodingKit;
		};
		69078E4F19467A4A00B4B361 /* PBXContainerItemProxy */ = {
			isa = PBXContainerItemProxy;
			containerPortal = 6964680F1942A33A003986C1 /* Project object */;
			proxyType = 1;
			remoteGlobalIDString = 69078E3719467A4A00B4B361;
			remoteInfo = ExplodingKit;
		};
		69078E5719467A4B00B4B361 /* PBXContainerItemProxy */ = {
			isa = PBXContainerItemProxy;
			containerPortal = 6964680F1942A33A003986C1 /* Project object */;
			proxyType = 1;
			remoteGlobalIDString = 69078E3719467A4A00B4B361;
			remoteInfo = ExplodingKit;
		};
		69078E5919467A4B00B4B361 /* PBXContainerItemProxy */ = {
			isa = PBXContainerItemProxy;
			containerPortal = 6964680F1942A33A003986C1 /* Project object */;
			proxyType = 1;
			remoteGlobalIDString = 69078E3719467A4A00B4B361;
			remoteInfo = ExplodingKit;
		};
		69078E5B19467A4C00B4B361 /* PBXContainerItemProxy */ = {
			isa = PBXContainerItemProxy;
			containerPortal = 6964680F1942A33A003986C1 /* Project object */;
			proxyType = 1;
			remoteGlobalIDString = 69078E3719467A4A00B4B361;
			remoteInfo = ExplodingKit;
		};
		69078E6319467A9000B4B361 /* PBXContainerItemProxy */ = {
			isa = PBXContainerItemProxy;
			containerPortal = 6964680F1942A33A003986C1 /* Project object */;
			proxyType = 1;
			remoteGlobalIDString = 69078E3719467A4A00B4B361;
			remoteInfo = ExplodingKit;
		};
		6964682E1942A33A003986C1 /* PBXContainerItemProxy */ = {
			isa = PBXContainerItemProxy;
			containerPortal = 6964680F1942A33A003986C1 /* Project object */;
			proxyType = 1;
			remoteGlobalIDString = 696468161942A33A003986C1;
			remoteInfo = MiniSas2;
		};
/* End PBXContainerItemProxy section */

/* Begin PBXCopyFilesBuildPhase section */
		6959AB1E194646B200047D5F /* Embed Frameworks */ = {
			isa = PBXCopyFilesBuildPhase;
			buildActionMask = 2147483647;
			dstPath = "";
			dstSubfolderSpec = 10;
			files = (
				69078E4E19467A4A00B4B361 /* ExplodingKit.framework in Embed Frameworks */,
			);
			name = "Embed Frameworks";
			runOnlyForDeploymentPostprocessing = 0;
		};
/* End PBXCopyFilesBuildPhase section */

/* Begin PBXFileReference section */
		69054B4F19442E110014EC46 /* BattlesTableViewController.swift */ = {isa = PBXFileReference; fileEncoding = 4; lastKnownFileType = sourcecode.swift; path = BattlesTableViewController.swift; sourceTree = "<group>"; };
		69078E3819467A4A00B4B361 /* ExplodingKit.framework */ = {isa = PBXFileReference; explicitFileType = wrapper.framework; includeInIndex = 0; path = ExplodingKit.framework; sourceTree = BUILT_PRODUCTS_DIR; };
		69078E3B19467A4A00B4B361 /* Info.plist */ = {isa = PBXFileReference; lastKnownFileType = text.plist.xml; path = Info.plist; sourceTree = "<group>"; };
		69078E3C19467A4A00B4B361 /* ExplodingKit.h */ = {isa = PBXFileReference; lastKnownFileType = sourcecode.c.h; path = ExplodingKit.h; sourceTree = "<group>"; };
		69078E4219467A4A00B4B361 /* ExplodingKitTests.xctest */ = {isa = PBXFileReference; explicitFileType = wrapper.cfbundle; includeInIndex = 0; path = ExplodingKitTests.xctest; sourceTree = BUILT_PRODUCTS_DIR; };
		69078E4819467A4A00B4B361 /* Info.plist */ = {isa = PBXFileReference; lastKnownFileType = text.plist.xml; path = Info.plist; sourceTree = "<group>"; };
		69078E4919467A4A00B4B361 /* ExplodingKitTests.swift */ = {isa = PBXFileReference; lastKnownFileType = sourcecode.swift; path = ExplodingKitTests.swift; sourceTree = "<group>"; };
		69078E5D19467A6900B4B361 /* EquatableArray.swift */ = {isa = PBXFileReference; fileEncoding = 4; lastKnownFileType = sourcecode.swift; path = EquatableArray.swift; sourceTree = "<group>"; };
		69078E5E19467A6900B4B361 /* JayMulticastClosure.swift */ = {isa = PBXFileReference; fileEncoding = 4; lastKnownFileType = sourcecode.swift; path = JayMulticastClosure.swift; sourceTree = "<group>"; };
		69078E5F19467A6900B4B361 /* JessyMulticastClosure.swift */ = {isa = PBXFileReference; fileEncoding = 4; lastKnownFileType = sourcecode.swift; path = JessyMulticastClosure.swift; sourceTree = "<group>"; };
		694FD86C1946953100DAAD50 /* HashSet.swift */ = {isa = PBXFileReference; fileEncoding = 4; lastKnownFileType = sourcecode.swift; path = HashSet.swift; sourceTree = "<group>"; };
		696468171942A33A003986C1 /* MiniSas2.app */ = {isa = PBXFileReference; explicitFileType = wrapper.application; includeInIndex = 0; path = MiniSas2.app; sourceTree = BUILT_PRODUCTS_DIR; };
		6964681B1942A33A003986C1 /* Info.plist */ = {isa = PBXFileReference; lastKnownFileType = text.plist.xml; path = Info.plist; sourceTree = "<group>"; };
		6964681C1942A33A003986C1 /* AppDelegate.swift */ = {isa = PBXFileReference; lastKnownFileType = sourcecode.swift; path = AppDelegate.swift; sourceTree = "<group>"; };
		6964681E1942A33A003986C1 /* GameScene.sks */ = {isa = PBXFileReference; lastKnownFileType = file.sks; path = GameScene.sks; sourceTree = "<group>"; };
		696468201942A33A003986C1 /* GameScene.swift */ = {isa = PBXFileReference; lastKnownFileType = sourcecode.swift; path = GameScene.swift; sourceTree = "<group>"; };
		696468221942A33A003986C1 /* GameViewController.swift */ = {isa = PBXFileReference; lastKnownFileType = sourcecode.swift; path = GameViewController.swift; sourceTree = "<group>"; };
		696468251942A33A003986C1 /* Base */ = {isa = PBXFileReference; lastKnownFileType = file.storyboard; name = Base; path = Base.lproj/Main.storyboard; sourceTree = "<group>"; };
		696468271942A33A003986C1 /* Images.xcassets */ = {isa = PBXFileReference; lastKnownFileType = folder.assetcatalog; path = Images.xcassets; sourceTree = "<group>"; };
		6964682D1942A33A003986C1 /* MiniSas2Tests.xctest */ = {isa = PBXFileReference; explicitFileType = wrapper.cfbundle; includeInIndex = 0; path = MiniSas2Tests.xctest; sourceTree = BUILT_PRODUCTS_DIR; };
		696468321942A33A003986C1 /* Info.plist */ = {isa = PBXFileReference; lastKnownFileType = text.plist.xml; path = Info.plist; sourceTree = "<group>"; };
		696468331942A33A003986C1 /* MiniSas2Tests.swift */ = {isa = PBXFileReference; lastKnownFileType = sourcecode.swift; path = MiniSas2Tests.swift; sourceTree = "<group>"; };
		698425881942A54700B0BB40 /* MiniSas2.entitlements */ = {isa = PBXFileReference; lastKnownFileType = text.xml; path = MiniSas2.entitlements; sourceTree = "<group>"; };
		698425891942A56B00B0BB40 /* CloudKit.framework */ = {isa = PBXFileReference; lastKnownFileType = wrapper.framework; name = CloudKit.framework; path = System/Library/Frameworks/CloudKit.framework; sourceTree = SDKROOT; };
		69EDCDB41943B046007FAACE /* Playground.playground */ = {isa = PBXFileReference; lastKnownFileType = file.playground; path = Playground.playground; sourceTree = "<group>"; };
/* End PBXFileReference section */

/* Begin PBXFrameworksBuildPhase section */
		69078E3419467A4A00B4B361 /* Frameworks */ = {
			isa = PBXFrameworksBuildPhase;
			buildActionMask = 2147483647;
			files = (
			);
			runOnlyForDeploymentPostprocessing = 0;
		};
		69078E3F19467A4A00B4B361 /* Frameworks */ = {
			isa = PBXFrameworksBuildPhase;
			buildActionMask = 2147483647;
			files = (
				69078E4319467A4A00B4B361 /* ExplodingKit.framework in Frameworks */,
			);
			runOnlyForDeploymentPostprocessing = 0;
		};
		696468141942A33A003986C1 /* Frameworks */ = {
			isa = PBXFrameworksBuildPhase;
			buildActionMask = 2147483647;
			files = (
				69078E4D19467A4A00B4B361 /* ExplodingKit.framework in Frameworks */,
				6984258A1942A56B00B0BB40 /* CloudKit.framework in Frameworks */,
			);
			runOnlyForDeploymentPostprocessing = 0;
		};
		6964682A1942A33A003986C1 /* Frameworks */ = {
			isa = PBXFrameworksBuildPhase;
			buildActionMask = 2147483647;
			files = (
			);
			runOnlyForDeploymentPostprocessing = 0;
		};
/* End PBXFrameworksBuildPhase section */

/* Begin PBXGroup section */
		69054B4E19442DE80014EC46 /* ViewControllers */ = {
			isa = PBXGroup;
			children = (
				696468221942A33A003986C1 /* GameViewController.swift */,
				69054B4F19442E110014EC46 /* BattlesTableViewController.swift */,
			);
			name = ViewControllers;
			sourceTree = "<group>";
		};
		69078E3919467A4A00B4B361 /* ExplodingKit */ = {
			isa = PBXGroup;
			children = (
				694FD86B1946952100DAAD50 /* Closures */,
				694FD86A1946950F00DAAD50 /* Containers */,
				69078E3C19467A4A00B4B361 /* ExplodingKit.h */,
				69078E3A19467A4A00B4B361 /* Supporting Files */,
			);
			path = ExplodingKit;
			sourceTree = "<group>";
		};
		69078E3A19467A4A00B4B361 /* Supporting Files */ = {
			isa = PBXGroup;
			children = (
				69078E3B19467A4A00B4B361 /* Info.plist */,
			);
			name = "Supporting Files";
			sourceTree = "<group>";
		};
		69078E4619467A4A00B4B361 /* ExplodingKitTests */ = {
			isa = PBXGroup;
			children = (
				69078E4919467A4A00B4B361 /* ExplodingKitTests.swift */,
				69078E4719467A4A00B4B361 /* Supporting Files */,
			);
			path = ExplodingKitTests;
			sourceTree = "<group>";
		};
		69078E4719467A4A00B4B361 /* Supporting Files */ = {
			isa = PBXGroup;
			children = (
				69078E4819467A4A00B4B361 /* Info.plist */,
			);
			name = "Supporting Files";
			sourceTree = "<group>";
		};
		690C98211943E3D000E33338 /* Frameworks */ = {
			isa = PBXGroup;
			children = (
				698425891942A56B00B0BB40 /* CloudKit.framework */,
			);
			name = Frameworks;
			path = MiniSas2;
			sourceTree = "<group>";
		};
		6922B15319455FBE00277E0C /* Utilities */ = {
			isa = PBXGroup;
			children = (
			);
			name = Utilities;
			sourceTree = "<group>";
		};
		6922B1561945601700277E0C /* Playgrounds */ = {
			isa = PBXGroup;
			children = (
				69EDCDB41943B046007FAACE /* Playground.playground */,
			);
			name = Playgrounds;
			sourceTree = "<group>";
		};
		694FD86A1946950F00DAAD50 /* Containers */ = {
			isa = PBXGroup;
			children = (
				69078E5D19467A6900B4B361 /* EquatableArray.swift */,
				694FD86C1946953100DAAD50 /* HashSet.swift */,
			);
			name = Containers;
			sourceTree = "<group>";
		};
		694FD86B1946952100DAAD50 /* Closures */ = {
			isa = PBXGroup;
			children = (
				69078E5E19467A6900B4B361 /* JayMulticastClosure.swift */,
				69078E5F19467A6900B4B361 /* JessyMulticastClosure.swift */,
			);
			name = Closures;
			sourceTree = "<group>";
		};
		6964680E1942A33A003986C1 = {
			isa = PBXGroup;
			children = (
				696468191942A33A003986C1 /* MiniSas2 */,
				696468301942A33A003986C1 /* MiniSas2Tests */,
				69078E3919467A4A00B4B361 /* ExplodingKit */,
				69078E4619467A4A00B4B361 /* ExplodingKitTests */,
				696468181942A33A003986C1 /* Products */,
				690C98211943E3D000E33338 /* Frameworks */,
			);
			sourceTree = "<group>";
		};
		696468181942A33A003986C1 /* Products */ = {
			isa = PBXGroup;
			children = (
				696468171942A33A003986C1 /* MiniSas2.app */,
				6964682D1942A33A003986C1 /* MiniSas2Tests.xctest */,
				69078E3819467A4A00B4B361 /* ExplodingKit.framework */,
				69078E4219467A4A00B4B361 /* ExplodingKitTests.xctest */,
			);
			name = Products;
			sourceTree = "<group>";
		};
		696468191942A33A003986C1 /* MiniSas2 */ = {
			isa = PBXGroup;
			children = (
				6922B1561945601700277E0C /* Playgrounds */,
				6922B15319455FBE00277E0C /* Utilities */,
				69054B4E19442DE80014EC46 /* ViewControllers */,
				698425881942A54700B0BB40 /* MiniSas2.entitlements */,
				6964681C1942A33A003986C1 /* AppDelegate.swift */,
				6964681E1942A33A003986C1 /* GameScene.sks */,
				696468201942A33A003986C1 /* GameScene.swift */,
				696468241942A33A003986C1 /* Main.storyboard */,
				696468271942A33A003986C1 /* Images.xcassets */,
				6964681A1942A33A003986C1 /* Supporting Files */,
			);
			path = MiniSas2;
			sourceTree = "<group>";
		};
		6964681A1942A33A003986C1 /* Supporting Files */ = {
			isa = PBXGroup;
			children = (
				6964681B1942A33A003986C1 /* Info.plist */,
			);
			name = "Supporting Files";
			sourceTree = "<group>";
		};
		696468301942A33A003986C1 /* MiniSas2Tests */ = {
			isa = PBXGroup;
			children = (
				696468331942A33A003986C1 /* MiniSas2Tests.swift */,
				696468311942A33A003986C1 /* Supporting Files */,
			);
			path = MiniSas2Tests;
			sourceTree = "<group>";
		};
		696468311942A33A003986C1 /* Supporting Files */ = {
			isa = PBXGroup;
			children = (
				696468321942A33A003986C1 /* Info.plist */,
			);
			name = "Supporting Files";
			sourceTree = "<group>";
		};
/* End PBXGroup section */

/* Begin PBXHeadersBuildPhase section */
		69078E3519467A4A00B4B361 /* Headers */ = {
			isa = PBXHeadersBuildPhase;
			buildActionMask = 2147483647;
			files = (
				69078E3D19467A4A00B4B361 /* ExplodingKit.h in Headers */,
			);
			runOnlyForDeploymentPostprocessing = 0;
		};
/* End PBXHeadersBuildPhase section */

/* Begin PBXNativeTarget section */
		69078E3719467A4A00B4B361 /* ExplodingKit */ = {
			isa = PBXNativeTarget;
			buildConfigurationList = 69078E5119467A4A00B4B361 /* Build configuration list for PBXNativeTarget "ExplodingKit" */;
			buildPhases = (
				69078E3319467A4A00B4B361 /* Sources */,
				69078E3419467A4A00B4B361 /* Frameworks */,
				69078E3519467A4A00B4B361 /* Headers */,
				69078E3619467A4A00B4B361 /* Resources */,
			);
			buildRules = (
			);
			dependencies = (
			);
			name = ExplodingKit;
			productName = ExplodingKit;
			productReference = 69078E3819467A4A00B4B361 /* ExplodingKit.framework */;
			productType = "com.apple.product-type.framework";
		};
		69078E4119467A4A00B4B361 /* ExplodingKitTests */ = {
			isa = PBXNativeTarget;
			buildConfigurationList = 69078E5419467A4A00B4B361 /* Build configuration list for PBXNativeTarget "ExplodingKitTests" */;
			buildPhases = (
				69078E3E19467A4A00B4B361 /* Sources */,
				69078E3F19467A4A00B4B361 /* Frameworks */,
				69078E4019467A4A00B4B361 /* Resources */,
			);
			buildRules = (
			);
			dependencies = (
				69078E4519467A4A00B4B361 /* PBXTargetDependency */,
				69078E5819467A4B00B4B361 /* PBXTargetDependency */,
				69078E5A19467A4B00B4B361 /* PBXTargetDependency */,
				69078E5C19467A4C00B4B361 /* PBXTargetDependency */,
				69078E6419467A9000B4B361 /* PBXTargetDependency */,
			);
			name = ExplodingKitTests;
			productName = ExplodingKitTests;
			productReference = 69078E4219467A4A00B4B361 /* ExplodingKitTests.xctest */;
			productType = "com.apple.product-type.bundle.unit-test";
		};
		696468161942A33A003986C1 /* MiniSas2 */ = {
			isa = PBXNativeTarget;
			buildConfigurationList = 696468371942A33A003986C1 /* Build configuration list for PBXNativeTarget "MiniSas2" */;
			buildPhases = (
				696468131942A33A003986C1 /* Sources */,
				696468141942A33A003986C1 /* Frameworks */,
				696468151942A33A003986C1 /* Resources */,
				6959AB1E194646B200047D5F /* Embed Frameworks */,
			);
			buildRules = (
			);
			dependencies = (
				69078E4C19467A4A00B4B361 /* PBXTargetDependency */,
				69078E5019467A4A00B4B361 /* PBXTargetDependency */,
			);
			name = MiniSas2;
			productName = MiniSas2;
			productReference = 696468171942A33A003986C1 /* MiniSas2.app */;
			productType = "com.apple.product-type.application";
		};
		6964682C1942A33A003986C1 /* MiniSas2Tests */ = {
			isa = PBXNativeTarget;
			buildConfigurationList = 6964683A1942A33A003986C1 /* Build configuration list for PBXNativeTarget "MiniSas2Tests" */;
			buildPhases = (
				696468291942A33A003986C1 /* Sources */,
				6964682A1942A33A003986C1 /* Frameworks */,
				6964682B1942A33A003986C1 /* Resources */,
			);
			buildRules = (
			);
			dependencies = (
				6964682F1942A33A003986C1 /* PBXTargetDependency */,
			);
			name = MiniSas2Tests;
			productName = MiniSas2Tests;
			productReference = 6964682D1942A33A003986C1 /* MiniSas2Tests.xctest */;
			productType = "com.apple.product-type.bundle.unit-test";
		};
/* End PBXNativeTarget section */

/* Begin PBXProject section */
		6964680F1942A33A003986C1 /* Project object */ = {
			isa = PBXProject;
			attributes = {
				LastUpgradeCheck = 0600;
				ORGANIZATIONNAME = "Exploding Rabbit";
				TargetAttributes = {
					69078E3719467A4A00B4B361 = {
						CreatedOnToolsVersion = 6.0;
						DevelopmentTeam = QTL2X93A5Y;
					};
					69078E4119467A4A00B4B361 = {
						CreatedOnToolsVersion = 6.0;
						TestTargetID = 69078E3719467A4A00B4B361;
					};
					696468161942A33A003986C1 = {
						CreatedOnToolsVersion = 6.0;
						DevelopmentTeam = QTL2X93A5Y;
						SystemCapabilities = {
							com.apple.iCloud = {
								enabled = 1;
							};
						};
					};
					6964682C1942A33A003986C1 = {
						CreatedOnToolsVersion = 6.0;
						TestTargetID = 696468161942A33A003986C1;
					};
				};
			};
			buildConfigurationList = 696468121942A33A003986C1 /* Build configuration list for PBXProject "MiniSas2" */;
			compatibilityVersion = "Xcode 3.2";
			developmentRegion = English;
			hasScannedForEncodings = 0;
			knownRegions = (
				en,
				Base,
			);
			mainGroup = 6964680E1942A33A003986C1;
			productRefGroup = 696468181942A33A003986C1 /* Products */;
			projectDirPath = "";
			projectRoot = "";
			targets = (
				696468161942A33A003986C1 /* MiniSas2 */,
				6964682C1942A33A003986C1 /* MiniSas2Tests */,
				69078E3719467A4A00B4B361 /* ExplodingKit */,
				69078E4119467A4A00B4B361 /* ExplodingKitTests */,
			);
		};
/* End PBXProject section */

/* Begin PBXResourcesBuildPhase section */
		69078E3619467A4A00B4B361 /* Resources */ = {
			isa = PBXResourcesBuildPhase;
			buildActionMask = 2147483647;
			files = (
			);
			runOnlyForDeploymentPostprocessing = 0;
		};
		69078E4019467A4A00B4B361 /* Resources */ = {
			isa = PBXResourcesBuildPhase;
			buildActionMask = 2147483647;
			files = (
			);
			runOnlyForDeploymentPostprocessing = 0;
		};
		696468151942A33A003986C1 /* Resources */ = {
			isa = PBXResourcesBuildPhase;
			buildActionMask = 2147483647;
			files = (
				696468281942A33A003986C1 /* Images.xcassets in Resources */,
				6964681F1942A33A003986C1 /* GameScene.sks in Resources */,
				696468261942A33A003986C1 /* Main.storyboard in Resources */,
			);
			runOnlyForDeploymentPostprocessing = 0;
		};
		6964682B1942A33A003986C1 /* Resources */ = {
			isa = PBXResourcesBuildPhase;
			buildActionMask = 2147483647;
			files = (
			);
			runOnlyForDeploymentPostprocessing = 0;
		};
/* End PBXResourcesBuildPhase section */

/* Begin PBXSourcesBuildPhase section */
		69078E3319467A4A00B4B361 /* Sources */ = {
			isa = PBXSourcesBuildPhase;
			buildActionMask = 2147483647;
			files = (
				694FD86D1946953100DAAD50 /* HashSet.swift in Sources */,
				69078E6219467A6900B4B361 /* JessyMulticastClosure.swift in Sources */,
				69078E6019467A6900B4B361 /* EquatableArray.swift in Sources */,
				69078E6119467A6900B4B361 /* JayMulticastClosure.swift in Sources */,
			);
			runOnlyForDeploymentPostprocessing = 0;
		};
		69078E3E19467A4A00B4B361 /* Sources */ = {
			isa = PBXSourcesBuildPhase;
			buildActionMask = 2147483647;
			files = (
				69078E4A19467A4A00B4B361 /* ExplodingKitTests.swift in Sources */,
			);
			runOnlyForDeploymentPostprocessing = 0;
		};
		696468131942A33A003986C1 /* Sources */ = {
			isa = PBXSourcesBuildPhase;
			buildActionMask = 2147483647;
			files = (
				696468211942A33A003986C1 /* GameScene.swift in Sources */,
				696468231942A33A003986C1 /* GameViewController.swift in Sources */,
				69054B5019442E110014EC46 /* BattlesTableViewController.swift in Sources */,
				6964681D1942A33A003986C1 /* AppDelegate.swift in Sources */,
			);
			runOnlyForDeploymentPostprocessing = 0;
		};
		696468291942A33A003986C1 /* Sources */ = {
			isa = PBXSourcesBuildPhase;
			buildActionMask = 2147483647;
			files = (
				696468341942A33A003986C1 /* MiniSas2Tests.swift in Sources */,
			);
			runOnlyForDeploymentPostprocessing = 0;
		};
/* End PBXSourcesBuildPhase section */

/* Begin PBXTargetDependency section */
		69078E4519467A4A00B4B361 /* PBXTargetDependency */ = {
			isa = PBXTargetDependency;
			target = 69078E3719467A4A00B4B361 /* ExplodingKit */;
			targetProxy = 69078E4419467A4A00B4B361 /* PBXContainerItemProxy */;
		};
		69078E4C19467A4A00B4B361 /* PBXTargetDependency */ = {
			isa = PBXTargetDependency;
			target = 69078E3719467A4A00B4B361 /* ExplodingKit */;
			targetProxy = 69078E4B19467A4A00B4B361 /* PBXContainerItemProxy */;
		};
		69078E5019467A4A00B4B361 /* PBXTargetDependency */ = {
			isa = PBXTargetDependency;
			target = 69078E3719467A4A00B4B361 /* ExplodingKit */;
			targetProxy = 69078E4F19467A4A00B4B361 /* PBXContainerItemProxy */;
		};
		69078E5819467A4B00B4B361 /* PBXTargetDependency */ = {
			isa = PBXTargetDependency;
			target = 69078E3719467A4A00B4B361 /* ExplodingKit */;
			targetProxy = 69078E5719467A4B00B4B361 /* PBXContainerItemProxy */;
		};
		69078E5A19467A4B00B4B361 /* PBXTargetDependency */ = {
			isa = PBXTargetDependency;
			target = 69078E3719467A4A00B4B361 /* ExplodingKit */;
			targetProxy = 69078E5919467A4B00B4B361 /* PBXContainerItemProxy */;
		};
		69078E5C19467A4C00B4B361 /* PBXTargetDependency */ = {
			isa = PBXTargetDependency;
			target = 69078E3719467A4A00B4B361 /* ExplodingKit */;
			targetProxy = 69078E5B19467A4C00B4B361 /* PBXContainerItemProxy */;
		};
		69078E6419467A9000B4B361 /* PBXTargetDependency */ = {
			isa = PBXTargetDependency;
			target = 69078E3719467A4A00B4B361 /* ExplodingKit */;
			targetProxy = 69078E6319467A9000B4B361 /* PBXContainerItemProxy */;
		};
		6964682F1942A33A003986C1 /* PBXTargetDependency */ = {
			isa = PBXTargetDependency;
			target = 696468161942A33A003986C1 /* MiniSas2 */;
			targetProxy = 6964682E1942A33A003986C1 /* PBXContainerItemProxy */;
		};
/* End PBXTargetDependency section */

/* Begin PBXVariantGroup section */
		696468241942A33A003986C1 /* Main.storyboard */ = {
			isa = PBXVariantGroup;
			children = (
				696468251942A33A003986C1 /* Base */,
			);
			name = Main.storyboard;
			sourceTree = "<group>";
		};
/* End PBXVariantGroup section */

/* Begin XCBuildConfiguration section */
		69078E5219467A4A00B4B361 /* Debug */ = {
			isa = XCBuildConfiguration;
			buildSettings = {
				CLANG_ENABLE_MODULES = YES;
				CODE_SIGN_IDENTITY = "iPhone Developer";
				"CODE_SIGN_IDENTITY[sdk=iphoneos*]" = "iPhone Developer";
				CURRENT_PROJECT_VERSION = 1;
				DEFINES_MODULE = YES;
				DYLIB_COMPATIBILITY_VERSION = 1;
				DYLIB_CURRENT_VERSION = 1;
				DYLIB_INSTALL_NAME_BASE = "@rpath";
				GCC_PREPROCESSOR_DEFINITIONS = (
					"DEBUG=1",
					"$(inherited)",
				);
				INFOPLIST_FILE = ExplodingKit/Info.plist;
				INSTALL_PATH = "$(LOCAL_LIBRARY_DIR)/Frameworks";
				LD_RUNPATH_SEARCH_PATHS = "$(inherited) @executable_path/Frameworks @loader_path/Frameworks";
				METAL_ENABLE_DEBUG_INFO = YES;
				PRODUCT_NAME = "$(TARGET_NAME)";
				SKIP_INSTALL = YES;
				SWIFT_OPTIMIZATION_LEVEL = "-Onone";
				VERSIONING_SYSTEM = "apple-generic";
				VERSION_INFO_PREFIX = "";
			};
			name = Debug;
		};
		69078E5319467A4A00B4B361 /* Release */ = {
			isa = XCBuildConfiguration;
			buildSettings = {
				CLANG_ENABLE_MODULES = YES;
				CODE_SIGN_IDENTITY = "iPhone Developer";
				"CODE_SIGN_IDENTITY[sdk=iphoneos*]" = "iPhone Developer";
				CURRENT_PROJECT_VERSION = 1;
				DEFINES_MODULE = YES;
				DYLIB_COMPATIBILITY_VERSION = 1;
				DYLIB_CURRENT_VERSION = 1;
				DYLIB_INSTALL_NAME_BASE = "@rpath";
				INFOPLIST_FILE = ExplodingKit/Info.plist;
				INSTALL_PATH = "$(LOCAL_LIBRARY_DIR)/Frameworks";
				LD_RUNPATH_SEARCH_PATHS = "$(inherited) @executable_path/Frameworks @loader_path/Frameworks";
				METAL_ENABLE_DEBUG_INFO = NO;
				PRODUCT_NAME = "$(TARGET_NAME)";
				SKIP_INSTALL = YES;
				VERSIONING_SYSTEM = "apple-generic";
				VERSION_INFO_PREFIX = "";
			};
			name = Release;
		};
		69078E5519467A4A00B4B361 /* Debug */ = {
			isa = XCBuildConfiguration;
			buildSettings = {
				FRAMEWORK_SEARCH_PATHS = (
					"$(SDKROOT)/Developer/Library/Frameworks",
					"$(inherited)",
				);
				GCC_PREPROCESSOR_DEFINITIONS = (
					"DEBUG=1",
					"$(inherited)",
				);
				INFOPLIST_FILE = ExplodingKitTests/Info.plist;
				LD_RUNPATH_SEARCH_PATHS = "$(inherited) @executable_path/Frameworks @loader_path/Frameworks";
				METAL_ENABLE_DEBUG_INFO = YES;
				PRODUCT_NAME = "$(TARGET_NAME)";
			};
			name = Debug;
		};
		69078E5619467A4A00B4B361 /* Release */ = {
			isa = XCBuildConfiguration;
			buildSettings = {
				FRAMEWORK_SEARCH_PATHS = (
					"$(SDKROOT)/Developer/Library/Frameworks",
					"$(inherited)",
				);
				INFOPLIST_FILE = ExplodingKitTests/Info.plist;
				LD_RUNPATH_SEARCH_PATHS = "$(inherited) @executable_path/Frameworks @loader_path/Frameworks";
				METAL_ENABLE_DEBUG_INFO = NO;
				PRODUCT_NAME = "$(TARGET_NAME)";
			};
			name = Release;
		};
		696468351942A33A003986C1 /* Debug */ = {
			isa = XCBuildConfiguration;
			buildSettings = {
				ALWAYS_SEARCH_USER_PATHS = NO;
				CLANG_CXX_LANGUAGE_STANDARD = "gnu++0x";
				CLANG_CXX_LIBRARY = "libc++";
				CLANG_ENABLE_MODULES = YES;
				CLANG_ENABLE_OBJC_ARC = YES;
				CLANG_WARN_BOOL_CONVERSION = YES;
				CLANG_WARN_CONSTANT_CONVERSION = YES;
				CLANG_WARN_DIRECT_OBJC_ISA_USAGE = YES_ERROR;
				CLANG_WARN_EMPTY_BODY = YES;
				CLANG_WARN_ENUM_CONVERSION = YES;
				CLANG_WARN_INT_CONVERSION = YES;
				CLANG_WARN_OBJC_ROOT_CLASS = YES_ERROR;
				CLANG_WARN_UNREACHABLE_CODE = YES;
				CLANG_WARN__DUPLICATE_METHOD_MATCH = YES;
				"CODE_SIGN_IDENTITY[sdk=iphoneos*]" = "iPhone Developer";
				COPY_PHASE_STRIP = NO;
				ENABLE_STRICT_OBJC_MSGSEND = YES;
				GCC_C_LANGUAGE_STANDARD = gnu99;
				GCC_DYNAMIC_NO_PIC = NO;
				GCC_OPTIMIZATION_LEVEL = 0;
				GCC_PREPROCESSOR_DEFINITIONS = (
					"DEBUG=1",
					"$(inherited)",
				);
				GCC_SYMBOLS_PRIVATE_EXTERN = NO;
				GCC_WARN_64_TO_32_BIT_CONVERSION = YES;
				GCC_WARN_ABOUT_RETURN_TYPE = YES_ERROR;
				GCC_WARN_UNDECLARED_SELECTOR = YES;
				GCC_WARN_UNINITIALIZED_AUTOS = YES_AGGRESSIVE;
				GCC_WARN_UNUSED_FUNCTION = YES;
				GCC_WARN_UNUSED_VARIABLE = YES;
				IPHONEOS_DEPLOYMENT_TARGET = 8.0;
				METAL_ENABLE_DEBUG_INFO = YES;
				ONLY_ACTIVE_ARCH = YES;
				SDKROOT = iphoneos;
				SWIFT_OPTIMIZATION_LEVEL = "-Onone";
				TARGETED_DEVICE_FAMILY = "1,2";
			};
			name = Debug;
		};
		696468361942A33A003986C1 /* Release */ = {
			isa = XCBuildConfiguration;
			buildSettings = {
				ALWAYS_SEARCH_USER_PATHS = NO;
				CLANG_CXX_LANGUAGE_STANDARD = "gnu++0x";
				CLANG_CXX_LIBRARY = "libc++";
				CLANG_ENABLE_MODULES = YES;
				CLANG_ENABLE_OBJC_ARC = YES;
				CLANG_WARN_BOOL_CONVERSION = YES;
				CLANG_WARN_CONSTANT_CONVERSION = YES;
				CLANG_WARN_DIRECT_OBJC_ISA_USAGE = YES_ERROR;
				CLANG_WARN_EMPTY_BODY = YES;
				CLANG_WARN_ENUM_CONVERSION = YES;
				CLANG_WARN_INT_CONVERSION = YES;
				CLANG_WARN_OBJC_ROOT_CLASS = YES_ERROR;
				CLANG_WARN_UNREACHABLE_CODE = YES;
				CLANG_WARN__DUPLICATE_METHOD_MATCH = YES;
				"CODE_SIGN_IDENTITY[sdk=iphoneos*]" = "iPhone Developer";
				COPY_PHASE_STRIP = YES;
				ENABLE_NS_ASSERTIONS = NO;
				ENABLE_STRICT_OBJC_MSGSEND = YES;
				GCC_C_LANGUAGE_STANDARD = gnu99;
				GCC_WARN_64_TO_32_BIT_CONVERSION = YES;
				GCC_WARN_ABOUT_RETURN_TYPE = YES_ERROR;
				GCC_WARN_UNDECLARED_SELECTOR = YES;
				GCC_WARN_UNINITIALIZED_AUTOS = YES_AGGRESSIVE;
				GCC_WARN_UNUSED_FUNCTION = YES;
				GCC_WARN_UNUSED_VARIABLE = YES;
				IPHONEOS_DEPLOYMENT_TARGET = 8.0;
				METAL_ENABLE_DEBUG_INFO = NO;
				SDKROOT = iphoneos;
				TARGETED_DEVICE_FAMILY = "1,2";
				VALIDATE_PRODUCT = YES;
			};
			name = Release;
		};
		696468381942A33A003986C1 /* Debug */ = {
			isa = XCBuildConfiguration;
			buildSettings = {
				ASSETCATALOG_COMPILER_APPICON_NAME = AppIcon;
				ASSETCATALOG_COMPILER_LAUNCHIMAGE_NAME = LaunchImage;
				CODE_SIGN_ENTITLEMENTS = MiniSas2/MiniSas2.entitlements;
				CODE_SIGN_IDENTITY = "iPhone Developer";
				"CODE_SIGN_IDENTITY[sdk=iphoneos*]" = "iPhone Developer";
				FRAMEWORK_SEARCH_PATHS = (
					"$(inherited)",
					"$(USER_LIBRARY_DIR)/Developer/Xcode/DerivedData/ExplodingKit-bmstwtlxvzbozfcsmbabjiirbkjw/Build/Products/Debug-iphoneos",
					"$(USER_LIBRARY_DIR)/Developer/Xcode/DerivedData/TestKit-gjjagkfjlmyvxcefretfmnjuokmy/Build/Products/Debug-iphoneos",
				);
				INFOPLIST_FILE = MiniSas2/Info.plist;
				LD_RUNPATH_SEARCH_PATHS = "$(inherited) @executable_path/Frameworks";
				PRODUCT_NAME = "$(TARGET_NAME)";
				PROVISIONING_PROFILE = "";
			};
			name = Debug;
		};
		696468391942A33A003986C1 /* Release */ = {
			isa = XCBuildConfiguration;
			buildSettings = {
				ASSETCATALOG_COMPILER_APPICON_NAME = AppIcon;
				ASSETCATALOG_COMPILER_LAUNCHIMAGE_NAME = LaunchImage;
				CODE_SIGN_ENTITLEMENTS = MiniSas2/MiniSas2.entitlements;
				CODE_SIGN_IDENTITY = "iPhone Developer";
				"CODE_SIGN_IDENTITY[sdk=iphoneos*]" = "iPhone Developer";
				FRAMEWORK_SEARCH_PATHS = (
					"$(inherited)",
					"$(USER_LIBRARY_DIR)/Developer/Xcode/DerivedData/ExplodingKit-bmstwtlxvzbozfcsmbabjiirbkjw/Build/Products/Debug-iphoneos",
					"$(USER_LIBRARY_DIR)/Developer/Xcode/DerivedData/TestKit-gjjagkfjlmyvxcefretfmnjuokmy/Build/Products/Debug-iphoneos",
				);
				INFOPLIST_FILE = MiniSas2/Info.plist;
				LD_RUNPATH_SEARCH_PATHS = "$(inherited) @executable_path/Frameworks";
				PRODUCT_NAME = "$(TARGET_NAME)";
				PROVISIONING_PROFILE = "";
			};
			name = Release;
		};
		6964683B1942A33A003986C1 /* Debug */ = {
			isa = XCBuildConfiguration;
			buildSettings = {
				BUNDLE_LOADER = "$(BUILT_PRODUCTS_DIR)/MiniSas2.app/MiniSas2";
				FRAMEWORK_SEARCH_PATHS = (
					"$(SDKROOT)/Developer/Library/Frameworks",
					"$(inherited)",
				);
				GCC_PREPROCESSOR_DEFINITIONS = (
					"DEBUG=1",
					"$(inherited)",
				);
				INFOPLIST_FILE = MiniSas2Tests/Info.plist;
				LD_RUNPATH_SEARCH_PATHS = "$(inherited) @executable_path/Frameworks @loader_path/Frameworks";
				METAL_ENABLE_DEBUG_INFO = YES;
				PRODUCT_NAME = "$(TARGET_NAME)";
				TEST_HOST = "$(BUNDLE_LOADER)";
			};
			name = Debug;
		};
		6964683C1942A33A003986C1 /* Release */ = {
			isa = XCBuildConfiguration;
			buildSettings = {
				BUNDLE_LOADER = "$(BUILT_PRODUCTS_DIR)/MiniSas2.app/MiniSas2";
				FRAMEWORK_SEARCH_PATHS = (
					"$(SDKROOT)/Developer/Library/Frameworks",
					"$(inherited)",
				);
				INFOPLIST_FILE = MiniSas2Tests/Info.plist;
				LD_RUNPATH_SEARCH_PATHS = "$(inherited) @executable_path/Frameworks @loader_path/Frameworks";
				METAL_ENABLE_DEBUG_INFO = NO;
				PRODUCT_NAME = "$(TARGET_NAME)";
				TEST_HOST = "$(BUNDLE_LOADER)";
			};
			name = Release;
		};
/* End XCBuildConfiguration section */

/* Begin XCConfigurationList section */
		69078E5119467A4A00B4B361 /* Build configuration list for PBXNativeTarget "ExplodingKit" */ = {
			isa = XCConfigurationList;
			buildConfigurations = (
				69078E5219467A4A00B4B361 /* Debug */,
				69078E5319467A4A00B4B361 /* Release */,
			);
			defaultConfigurationIsVisible = 0;
			defaultConfigurationName = Release;
		};
		69078E5419467A4A00B4B361 /* Build configuration list for PBXNativeTarget "ExplodingKitTests" */ = {
			isa = XCConfigurationList;
			buildConfigurations = (
				69078E5519467A4A00B4B361 /* Debug */,
				69078E5619467A4A00B4B361 /* Release */,
			);
			defaultConfigurationIsVisible = 0;
			defaultConfigurationName = Release;
		};
		696468121942A33A003986C1 /* Build configuration list for PBXProject "MiniSas2" */ = {
			isa = XCConfigurationList;
			buildConfigurations = (
				696468351942A33A003986C1 /* Debug */,
				696468361942A33A003986C1 /* Release */,
			);
			defaultConfigurationIsVisible = 0;
			defaultConfigurationName = Release;
		};
		696468371942A33A003986C1 /* Build configuration list for PBXNativeTarget "MiniSas2" */ = {
			isa = XCConfigurationList;
			buildConfigurations = (
				696468381942A33A003986C1 /* Debug */,
				696468391942A33A003986C1 /* Release */,
			);
			defaultConfigurationIsVisible = 0;
			defaultConfigurationName = Release;
		};
		6964683A1942A33A003986C1 /* Build configuration list for PBXNativeTarget "MiniSas2Tests" */ = {
			isa = XCConfigurationList;
			buildConfigurations = (
				6964683B1942A33A003986C1 /* Debug */,
				6964683C1942A33A003986C1 /* Release */,
			);
			defaultConfigurationIsVisible = 0;
			defaultConfigurationName = Release;
		};
/* End XCConfigurationList section */
	};
	rootObject = 6964680F1942A33A003986C1 /* Project object */;
}
