// !$*UTF8*$!
{
	archiveVersion = 1;
	classes = {
	};
	objectVersion = 46;
	objects = {

/* Begin PBXBuildFile section */
		6964681D1942A33A003986C1 /* AppDelegate.swift in Sources */ = {isa = PBXBuildFile; fileRef = 6964681C1942A33A003986C1 /* AppDelegate.swift */; };
		6964681F1942A33A003986C1 /* GameScene.sks in Resources */ = {isa = PBXBuildFile; fileRef = 6964681E1942A33A003986C1 /* GameScene.sks */; };
		696468211942A33A003986C1 /* GameScene.swift in Sources */ = {isa = PBXBuildFile; fileRef = 696468201942A33A003986C1 /* GameScene.swift */; };
		696468231942A33A003986C1 /* GameViewController.swift in Sources */ = {isa = PBXBuildFile; fileRef = 696468221942A33A003986C1 /* GameViewController.swift */; };
		696468261942A33A003986C1 /* Main.storyboard in Resources */ = {isa = PBXBuildFile; fileRef = 696468241942A33A003986C1 /* Main.storyboard */; };
		696468281942A33A003986C1 /* Images.xcassets in Resources */ = {isa = PBXBuildFile; fileRef = 696468271942A33A003986C1 /* Images.xcassets */; };
		696468341942A33A003986C1 /* MiniSas2Tests.swift in Sources */ = {isa = PBXBuildFile; fileRef = 696468331942A33A003986C1 /* MiniSas2Tests.swift */; };
/* End PBXBuildFile section */

/* Begin PBXContainerItemProxy section */
		6964682E1942A33A003986C1 /* PBXContainerItemProxy */ = {
			isa = PBXContainerItemProxy;
			containerPortal = 6964680F1942A33A003986C1 /* Project object */;
			proxyType = 1;
			remoteGlobalIDString = 696468161942A33A003986C1;
			remoteInfo = MiniSas2;
		};
/* End PBXContainerItemProxy section */

/* Begin PBXFileReference section */
		696468171942A33A003986C1 /* MiniSas2.app */ = {isa = PBXFileReference; explicitFileType = wrapper.application; includeInIndex = 0; path = MiniSas2.app; sourceTree = BUILT_PRODUCTS_DIR; };
		6964681B1942A33A003986C1 /* Info.plist */ = {isa = PBXFileReference; lastKnownFileType = text.plist.xml; path = Info.plist; sourceTree = "<group>"; };
		6964681C1942A33A003986C1 /* AppDelegate.swift */ = {isa = PBXFileReference; lastKnownFileType = sourcecode.swift; path = AppDelegate.swift; sourceTree = "<group>"; };
		6964681E1942A33A003986C1 /* GameScene.sks */ = {isa = PBXFileReference; lastKnownFileType = file.sks; path = GameScene.sks; sourceTree = "<group>"; };
		696468201942A33A003986C1 /* GameScene.swift */ = {isa = PBXFileReference; lastKnownFileType = sourcecode.swift; path = GameScene.swift; sourceTree = "<group>"; };
		696468221942A33A003986C1 /* GameViewController.swift */ = {isa = PBXFileReference; lastKnownFileType = sourcecode.swift; path = GameViewController.swift; sourceTree = "<group>"; };
		696468251942A33A003986C1 /* Base */ = {isa = PBXFileReference; lastKnownFileType = file.storyboard; name = Base; path = Base.lproj/Main.storyboard; sourceTree = "<group>"; };
		696468271942A33A003986C1 /* Images.xcassets */ = {isa = PBXFileReference; lastKnownFileType = folder.assetcatalog; path = Images.xcassets; sourceTree = "<group>"; };
		6964682D1942A33A003986C1 /* MiniSas2Tests.xctest */ = {isa = PBXFileReference; explicitFileType = wrapper.cfbundle; includeInIndex = 0; path = MiniSas2Tests.xctest; sourceTree = BUILT_PRODUCTS_DIR; };
		696468321942A33A003986C1 /* Info.plist */ = {isa = PBXFileReference; lastKnownFileType = text.plist.xml; path = Info.plist; sourceTree = "<group>"; };
		696468331942A33A003986C1 /* MiniSas2Tests.swift */ = {isa = PBXFileReference; lastKnownFileType = sourcecode.swift; path = MiniSas2Tests.swift; sourceTree = "<group>"; };
/* End PBXFileReference section */

/* Begin PBXFrameworksBuildPhase section */
		696468141942A33A003986C1 /* Frameworks */ = {
			isa = PBXFrameworksBuildPhase;
			buildActionMask = 2147483647;
			files = (
			);
			runOnlyForDeploymentPostprocessing = 0;
		};
		6964682A1942A33A003986C1 /* Frameworks */ = {
			isa = PBXFrameworksBuildPhase;
			buildActionMask = 2147483647;
			files = (
			);
			runOnlyForDeploymentPostprocessing = 0;
		};
/* End PBXFrameworksBuildPhase section */

/* Begin PBXGroup section */
		6964680E1942A33A003986C1 = {
			isa = PBXGroup;
			children = (
				696468191942A33A003986C1 /* MiniSas2 */,
				696468301942A33A003986C1 /* MiniSas2Tests */,
				696468181942A33A003986C1 /* Products */,
			);
			sourceTree = "<group>";
		};
		696468181942A33A003986C1 /* Products */ = {
			isa = PBXGroup;
			children = (
				696468171942A33A003986C1 /* MiniSas2.app */,
				6964682D1942A33A003986C1 /* MiniSas2Tests.xctest */,
			);
			name = Products;
			sourceTree = "<group>";
		};
		696468191942A33A003986C1 /* MiniSas2 */ = {
			isa = PBXGroup;
			children = (
				6964681C1942A33A003986C1 /* AppDelegate.swift */,
				6964681E1942A33A003986C1 /* GameScene.sks */,
				696468201942A33A003986C1 /* GameScene.swift */,
				696468221942A33A003986C1 /* GameViewController.swift */,
				696468241942A33A003986C1 /* Main.storyboard */,
				696468271942A33A003986C1 /* Images.xcassets */,
				6964681A1942A33A003986C1 /* Supporting Files */,
			);
			path = MiniSas2;
			sourceTree = "<group>";
		};
		6964681A1942A33A003986C1 /* Supporting Files */ = {
			isa = PBXGroup;
			children = (
				6964681B1942A33A003986C1 /* Info.plist */,
			);
			name = "Supporting Files";
			sourceTree = "<group>";
		};
		696468301942A33A003986C1 /* MiniSas2Tests */ = {
			isa = PBXGroup;
			children = (
				696468331942A33A003986C1 /* MiniSas2Tests.swift */,
				696468311942A33A003986C1 /* Supporting Files */,
			);
			path = MiniSas2Tests;
			sourceTree = "<group>";
		};
		696468311942A33A003986C1 /* Supporting Files */ = {
			isa = PBXGroup;
			children = (
				696468321942A33A003986C1 /* Info.plist */,
			);
			name = "Supporting Files";
			sourceTree = "<group>";
		};
/* End PBXGroup section */

/* Begin PBXNativeTarget section */
		696468161942A33A003986C1 /* MiniSas2 */ = {
			isa = PBXNativeTarget;
			buildConfigurationList = 696468371942A33A003986C1 /* Build configuration list for PBXNativeTarget "MiniSas2" */;
			buildPhases = (
				696468131942A33A003986C1 /* Sources */,
				696468141942A33A003986C1 /* Frameworks */,
				696468151942A33A003986C1 /* Resources */,
			);
			buildRules = (
			);
			dependencies = (
			);
			name = MiniSas2;
			productName = MiniSas2;
			productReference = 696468171942A33A003986C1 /* MiniSas2.app */;
			productType = "com.apple.product-type.application";
		};
		6964682C1942A33A003986C1 /* MiniSas2Tests */ = {
			isa = PBXNativeTarget;
			buildConfigurationList = 6964683A1942A33A003986C1 /* Build configuration list for PBXNativeTarget "MiniSas2Tests" */;
			buildPhases = (
				696468291942A33A003986C1 /* Sources */,
				6964682A1942A33A003986C1 /* Frameworks */,
				6964682B1942A33A003986C1 /* Resources */,
			);
			buildRules = (
			);
			dependencies = (
				6964682F1942A33A003986C1 /* PBXTargetDependency */,
			);
			name = MiniSas2Tests;
			productName = MiniSas2Tests;
			productReference = 6964682D1942A33A003986C1 /* MiniSas2Tests.xctest */;
			productType = "com.apple.product-type.bundle.unit-test";
		};
/* End PBXNativeTarget section */

/* Begin PBXProject section */
		6964680F1942A33A003986C1 /* Project object */ = {
			isa = PBXProject;
			attributes = {
				LastUpgradeCheck = 0600;
				ORGANIZATIONNAME = "Exploding Rabbit";
				TargetAttributes = {
					696468161942A33A003986C1 = {
						CreatedOnToolsVersion = 6.0;
					};
					6964682C1942A33A003986C1 = {
						CreatedOnToolsVersion = 6.0;
						TestTargetID = 696468161942A33A003986C1;
					};
				};
			};
			buildConfigurationList = 696468121942A33A003986C1 /* Build configuration list for PBXProject "MiniSas2" */;
			compatibilityVersion = "Xcode 3.2";
			developmentRegion = English;
			hasScannedForEncodings = 0;
			knownRegions = (
				en,
				Base,
			);
			mainGroup = 6964680E1942A33A003986C1;
			productRefGroup = 696468181942A33A003986C1 /* Products */;
			projectDirPath = "";
			projectRoot = "";
			targets = (
				696468161942A33A003986C1 /* MiniSas2 */,
				6964682C1942A33A003986C1 /* MiniSas2Tests */,
			);
		};
/* End PBXProject section */

/* Begin PBXResourcesBuildPhase section */
		696468151942A33A003986C1 /* Resources */ = {
			isa = PBXResourcesBuildPhase;
			buildActionMask = 2147483647;
			files = (
				696468281942A33A003986C1 /* Images.xcassets in Resources */,
				6964681F1942A33A003986C1 /* GameScene.sks in Resources */,
				696468261942A33A003986C1 /* Main.storyboard in Resources */,
			);
			runOnlyForDeploymentPostprocessing = 0;
		};
		6964682B1942A33A003986C1 /* Resources */ = {
			isa = PBXResourcesBuildPhase;
			buildActionMask = 2147483647;
			files = (
			);
			runOnlyForDeploymentPostprocessing = 0;
		};
/* End PBXResourcesBuildPhase section */

/* Begin PBXSourcesBuildPhase section */
		696468131942A33A003986C1 /* Sources */ = {
			isa = PBXSourcesBuildPhase;
			buildActionMask = 2147483647;
			files = (
				696468211942A33A003986C1 /* GameScene.swift in Sources */,
				696468231942A33A003986C1 /* GameViewController.swift in Sources */,
				6964681D1942A33A003986C1 /* AppDelegate.swift in Sources */,
			);
			runOnlyForDeploymentPostprocessing = 0;
		};
		696468291942A33A003986C1 /* Sources */ = {
			isa = PBXSourcesBuildPhase;
			buildActionMask = 2147483647;
			files = (
				696468341942A33A003986C1 /* MiniSas2Tests.swift in Sources */,
			);
			runOnlyForDeploymentPostprocessing = 0;
		};
/* End PBXSourcesBuildPhase section */

/* Begin PBXTargetDependency section */
		6964682F1942A33A003986C1 /* PBXTargetDependency */ = {
			isa = PBXTargetDependency;
			target = 696468161942A33A003986C1 /* MiniSas2 */;
			targetProxy = 6964682E1942A33A003986C1 /* PBXContainerItemProxy */;
		};
/* End PBXTargetDependency section */

/* Begin PBXVariantGroup section */
		696468241942A33A003986C1 /* Main.storyboard */ = {
			isa = PBXVariantGroup;
			children = (
				696468251942A33A003986C1 /* Base */,
			);
			name = Main.storyboard;
			sourceTree = "<group>";
		};
/* End PBXVariantGroup section */

/* Begin XCBuildConfiguration section */
		696468351942A33A003986C1 /* Debug */ = {
			isa = XCBuildConfiguration;
			buildSettings = {
				ALWAYS_SEARCH_USER_PATHS = NO;
				CLANG_CXX_LANGUAGE_STANDARD = "gnu++0x";
				CLANG_CXX_LIBRARY = "libc++";
				CLANG_ENABLE_MODULES = YES;
				CLANG_ENABLE_OBJC_ARC = YES;
				CLANG_WARN_BOOL_CONVERSION = YES;
				CLANG_WARN_CONSTANT_CONVERSION = YES;
				CLANG_WARN_DIRECT_OBJC_ISA_USAGE = YES_ERROR;
				CLANG_WARN_EMPTY_BODY = YES;
				CLANG_WARN_ENUM_CONVERSION = YES;
				CLANG_WARN_INT_CONVERSION = YES;
				CLANG_WARN_OBJC_ROOT_CLASS = YES_ERROR;
				CLANG_WARN_UNREACHABLE_CODE = YES;
				CLANG_WARN__DUPLICATE_METHOD_MATCH = YES;
				"CODE_SIGN_IDENTITY[sdk=iphoneos*]" = "iPhone Developer";
				COPY_PHASE_STRIP = NO;
				ENABLE_STRICT_OBJC_MSGSEND = YES;
				GCC_C_LANGUAGE_STANDARD = gnu99;
				GCC_DYNAMIC_NO_PIC = NO;
				GCC_OPTIMIZATION_LEVEL = 0;
				GCC_PREPROCESSOR_DEFINITIONS = (
					"DEBUG=1",
					"$(inherited)",
				);
				GCC_SYMBOLS_PRIVATE_EXTERN = NO;
				GCC_WARN_64_TO_32_BIT_CONVERSION = YES;
				GCC_WARN_ABOUT_RETURN_TYPE = YES_ERROR;
				GCC_WARN_UNDECLARED_SELECTOR = YES;
				GCC_WARN_UNINITIALIZED_AUTOS = YES_AGGRESSIVE;
				GCC_WARN_UNUSED_FUNCTION = YES;
				GCC_WARN_UNUSED_VARIABLE = YES;
				IPHONEOS_DEPLOYMENT_TARGET = 8.0;
				METAL_ENABLE_DEBUG_INFO = YES;
				ONLY_ACTIVE_ARCH = YES;
				SDKROOT = iphoneos;
				SWIFT_OPTIMIZATION_LEVEL = "-Onone";
				TARGETED_DEVICE_FAMILY = "1,2";
			};
			name = Debug;
		};
		696468361942A33A003986C1 /* Release */ = {
			isa = XCBuildConfiguration;
			buildSettings = {
				ALWAYS_SEARCH_USER_PATHS = NO;
				CLANG_CXX_LANGUAGE_STANDARD = "gnu++0x";
				CLANG_CXX_LIBRARY = "libc++";
				CLANG_ENABLE_MODULES = YES;
				CLANG_ENABLE_OBJC_ARC = YES;
				CLANG_WARN_BOOL_CONVERSION = YES;
				CLANG_WARN_CONSTANT_CONVERSION = YES;
				CLANG_WARN_DIRECT_OBJC_ISA_USAGE = YES_ERROR;
				CLANG_WARN_EMPTY_BODY = YES;
				CLANG_WARN_ENUM_CONVERSION = YES;
				CLANG_WARN_INT_CONVERSION = YES;
				CLANG_WARN_OBJC_ROOT_CLASS = YES_ERROR;
				CLANG_WARN_UNREACHABLE_CODE = YES;
				CLANG_WARN__DUPLICATE_METHOD_MATCH = YES;
				"CODE_SIGN_IDENTITY[sdk=iphoneos*]" = "iPhone Developer";
				COPY_PHASE_STRIP = YES;
				ENABLE_NS_ASSERTIONS = NO;
				ENABLE_STRICT_OBJC_MSGSEND = YES;
				GCC_C_LANGUAGE_STANDARD = gnu99;
				GCC_WARN_64_TO_32_BIT_CONVERSION = YES;
				GCC_WARN_ABOUT_RETURN_TYPE = YES_ERROR;
				GCC_WARN_UNDECLARED_SELECTOR = YES;
				GCC_WARN_UNINITIALIZED_AUTOS = YES_AGGRESSIVE;
				GCC_WARN_UNUSED_FUNCTION = YES;
				GCC_WARN_UNUSED_VARIABLE = YES;
				IPHONEOS_DEPLOYMENT_TARGET = 8.0;
				METAL_ENABLE_DEBUG_INFO = NO;
				SDKROOT = iphoneos;
				TARGETED_DEVICE_FAMILY = "1,2";
				VALIDATE_PRODUCT = YES;
			};
			name = Release;
		};
		696468381942A33A003986C1 /* Debug */ = {
			isa = XCBuildConfiguration;
			buildSettings = {
				ASSETCATALOG_COMPILER_APPICON_NAME = AppIcon;
				ASSETCATALOG_COMPILER_LAUNCHIMAGE_NAME = LaunchImage;
				INFOPLIST_FILE = MiniSas2/Info.plist;
				LD_RUNPATH_SEARCH_PATHS = "$(inherited) @executable_path/Frameworks";
				PRODUCT_NAME = "$(TARGET_NAME)";
			};
			name = Debug;
		};
		696468391942A33A003986C1 /* Release */ = {
			isa = XCBuildConfiguration;
			buildSettings = {
				ASSETCATALOG_COMPILER_APPICON_NAME = AppIcon;
				ASSETCATALOG_COMPILER_LAUNCHIMAGE_NAME = LaunchImage;
				INFOPLIST_FILE = MiniSas2/Info.plist;
				LD_RUNPATH_SEARCH_PATHS = "$(inherited) @executable_path/Frameworks";
				PRODUCT_NAME = "$(TARGET_NAME)";
			};
			name = Release;
		};
		6964683B1942A33A003986C1 /* Debug */ = {
			isa = XCBuildConfiguration;
			buildSettings = {
				BUNDLE_LOADER = "$(BUILT_PRODUCTS_DIR)/MiniSas2.app/MiniSas2";
				FRAMEWORK_SEARCH_PATHS = (
					"$(SDKROOT)/Developer/Library/Frameworks",
					"$(inherited)",
				);
				GCC_PREPROCESSOR_DEFINITIONS = (
					"DEBUG=1",
					"$(inherited)",
				);
				INFOPLIST_FILE = MiniSas2Tests/Info.plist;
				LD_RUNPATH_SEARCH_PATHS = "$(inherited) @executable_path/Frameworks @loader_path/Frameworks";
				METAL_ENABLE_DEBUG_INFO = YES;
				PRODUCT_NAME = "$(TARGET_NAME)";
				TEST_HOST = "$(BUNDLE_LOADER)";
			};
			name = Debug;
		};
		6964683C1942A33A003986C1 /* Release */ = {
			isa = XCBuildConfiguration;
			buildSettings = {
				BUNDLE_LOADER = "$(BUILT_PRODUCTS_DIR)/MiniSas2.app/MiniSas2";
				FRAMEWORK_SEARCH_PATHS = (
					"$(SDKROOT)/Developer/Library/Frameworks",
					"$(inherited)",
				);
				INFOPLIST_FILE = MiniSas2Tests/Info.plist;
				LD_RUNPATH_SEARCH_PATHS = "$(inherited) @executable_path/Frameworks @loader_path/Frameworks";
				METAL_ENABLE_DEBUG_INFO = NO;
				PRODUCT_NAME = "$(TARGET_NAME)";
				TEST_HOST = "$(BUNDLE_LOADER)";
			};
			name = Release;
		};
/* End XCBuildConfiguration section */

/* Begin XCConfigurationList section */
		696468121942A33A003986C1 /* Build configuration list for PBXProject "MiniSas2" */ = {
			isa = XCConfigurationList;
			buildConfigurations = (
				696468351942A33A003986C1 /* Debug */,
				696468361942A33A003986C1 /* Release */,
			);
			defaultConfigurationIsVisible = 0;
			defaultConfigurationName = Release;
		};
		696468371942A33A003986C1 /* Build configuration list for PBXNativeTarget "MiniSas2" */ = {
			isa = XCConfigurationList;
			buildConfigurations = (
				696468381942A33A003986C1 /* Debug */,
				696468391942A33A003986C1 /* Release */,
			);
			defaultConfigurationIsVisible = 0;
		};
		6964683A1942A33A003986C1 /* Build configuration list for PBXNativeTarget "MiniSas2Tests" */ = {
			isa = XCConfigurationList;
			buildConfigurations = (
				6964683B1942A33A003986C1 /* Debug */,
				6964683C1942A33A003986C1 /* Release */,
			);
			defaultConfigurationIsVisible = 0;
		};
/* End XCConfigurationList section */
	};
	rootObject = 6964680F1942A33A003986C1 /* Project object */;
}
